
Microsoft Visual Studio Solution File, Format Version 12.00
# Visual Studio Version 16
VisualStudioVersion = 16.0.31205.134
MinimumVisualStudioVersion = 10.0.40219.1
Project("{2150E333-8FDC-42A3-9474-1A3956D46DE8}") = "AppLogic", "AppLogic", "{851899D6-DC1A-48A9-84DB-774A20886A41}"
EndProject
Project("{2150E333-8FDC-42A3-9474-1A3956D46DE8}") = "TestLogic", "TestLogic", "{2052830E-F8E8-4701-8933-BE5BCC3CE9EF}"
EndProject
Project("{9A19103F-16F7-4668-BE54-9A1E7A4F7556}") = "PixelWorld.Infrastructure", "PixelWorld.Infrastructure\PixelWorld.Infrastructure.csproj", "{19087A16-B2A2-4E04-97B8-A10E2B427CD7}"
EndProject
Project("{9A19103F-16F7-4668-BE54-9A1E7A4F7556}") = "PixelWorld.BLL", "PixelWorld.BLL\PixelWorld.BLL.csproj", "{52893D6A-3439-400C-8CFE-CAE22EF90132}"
EndProject
Project("{9A19103F-16F7-4668-BE54-9A1E7A4F7556}") = "PixelWorld.Web", "PixelWorld.Web\PixelWorld.Web.csproj", "{8F8E5CB4-75CE-4F49-A6BC-95C21AEDBC4B}"
EndProject
Project("{9A19103F-16F7-4668-BE54-9A1E7A4F7556}") = "PixelWorld.Infrastructure.Tests", "PixelWorld.Infrastructure.Tests\PixelWorld.Infrastructure.Tests.csproj", "{9AEF04CC-7CA4-49E7-B934-E6A3CAFDA32A}"
EndProject
Project("{9A19103F-16F7-4668-BE54-9A1E7A4F7556}") = "PixelWorld.BLL.Tests", "PixelWorld.BLL.Tests\PixelWorld.BLL.Tests.csproj", "{94FACB89-5261-4FD9-B3EF-2D63263E1AF3}"
EndProject
Project("{FAE04EC0-301F-11D3-BF4B-00C04F79EFBC}") = "PixelWorld.DAL", "PixelWorld.DAL\PixelWorld.DAL.csproj", "{B5C8087E-28F2-4920-A081-6352094B2398}"
EndProject
Global
	GlobalSection(SolutionConfigurationPlatforms) = preSolution
		Debug|Any CPU = Debug|Any CPU
		Release|Any CPU = Release|Any CPU
	EndGlobalSection
	GlobalSection(ProjectConfigurationPlatforms) = postSolution
		{19087A16-B2A2-4E04-97B8-A10E2B427CD7}.Debug|Any CPU.ActiveCfg = Debug|Any CPU
		{19087A16-B2A2-4E04-97B8-A10E2B427CD7}.Debug|Any CPU.Build.0 = Debug|Any CPU
		{19087A16-B2A2-4E04-97B8-A10E2B427CD7}.Release|Any CPU.ActiveCfg = Release|Any CPU
		{19087A16-B2A2-4E04-97B8-A10E2B427CD7}.Release|Any CPU.Build.0 = Release|Any CPU
		{52893D6A-3439-400C-8CFE-CAE22EF90132}.Debug|Any CPU.ActiveCfg = Debug|Any CPU
		{52893D6A-3439-400C-8CFE-CAE22EF90132}.Debug|Any CPU.Build.0 = Debug|Any CPU
		{52893D6A-3439-400C-8CFE-CAE22EF90132}.Release|Any CPU.ActiveCfg = Release|Any CPU
		{52893D6A-3439-400C-8CFE-CAE22EF90132}.Release|Any CPU.Build.0 = Release|Any CPU
		{8F8E5CB4-75CE-4F49-A6BC-95C21AEDBC4B}.Debug|Any CPU.ActiveCfg = Debug|Any CPU
		{8F8E5CB4-75CE-4F49-A6BC-95C21AEDBC4B}.Debug|Any CPU.Build.0 = Debug|Any CPU
		{8F8E5CB4-75CE-4F49-A6BC-95C21AEDBC4B}.Release|Any CPU.ActiveCfg = Release|Any CPU
		{8F8E5CB4-75CE-4F49-A6BC-95C21AEDBC4B}.Release|Any CPU.Build.0 = Release|Any CPU
		{9AEF04CC-7CA4-49E7-B934-E6A3CAFDA32A}.Debug|Any CPU.ActiveCfg = Debug|Any CPU
		{9AEF04CC-7CA4-49E7-B934-E6A3CAFDA32A}.Debug|Any CPU.Build.0 = Debug|Any CPU
		{9AEF04CC-7CA4-49E7-B934-E6A3CAFDA32A}.Release|Any CPU.ActiveCfg = Release|Any CPU
		{9AEF04CC-7CA4-49E7-B934-E6A3CAFDA32A}.Release|Any CPU.Build.0 = Release|Any CPU
		{94FACB89-5261-4FD9-B3EF-2D63263E1AF3}.Debug|Any CPU.ActiveCfg = Debug|Any CPU
		{94FACB89-5261-4FD9-B3EF-2D63263E1AF3}.Debug|Any CPU.Build.0 = Debug|Any CPU
		{94FACB89-5261-4FD9-B3EF-2D63263E1AF3}.Release|Any CPU.ActiveCfg = Release|Any CPU
		{94FACB89-5261-4FD9-B3EF-2D63263E1AF3}.Release|Any CPU.Build.0 = Release|Any CPU
		{B5C8087E-28F2-4920-A081-6352094B2398}.Debug|Any CPU.ActiveCfg = Debug|Any CPU
		{B5C8087E-28F2-4920-A081-6352094B2398}.Debug|Any CPU.Build.0 = Debug|Any CPU
		{B5C8087E-28F2-4920-A081-6352094B2398}.Release|Any CPU.ActiveCfg = Release|Any CPU
		{B5C8087E-28F2-4920-A081-6352094B2398}.Release|Any CPU.Build.0 = Release|Any CPU
	EndGlobalSection
	GlobalSection(SolutionProperties) = preSolution
		HideSolutionNode = FALSE
	EndGlobalSection
	GlobalSection(NestedProjects) = preSolution
		{19087A16-B2A2-4E04-97B8-A10E2B427CD7} = {851899D6-DC1A-48A9-84DB-774A20886A41}
		{52893D6A-3439-400C-8CFE-CAE22EF90132} = {851899D6-DC1A-48A9-84DB-774A20886A41}
		{8F8E5CB4-75CE-4F49-A6BC-95C21AEDBC4B} = {851899D6-DC1A-48A9-84DB-774A20886A41}
		{9AEF04CC-7CA4-49E7-B934-E6A3CAFDA32A} = {2052830E-F8E8-4701-8933-BE5BCC3CE9EF}
		{94FACB89-5261-4FD9-B3EF-2D63263E1AF3} = {2052830E-F8E8-4701-8933-BE5BCC3CE9EF}
		{B5C8087E-28F2-4920-A081-6352094B2398} = {851899D6-DC1A-48A9-84DB-774A20886A41}
	EndGlobalSection
	GlobalSection(ExtensibilityGlobals) = postSolution
		SolutionGuid = {52AC5E37-CE51-4F1A-BDB7-8DE65874816C}
	EndGlobalSection
EndGlobal
